// !$*UTF8*$!
{
	archiveVersion = 1;
	classes = {
	};
	objectVersion = 46;
	objects = {

/* Begin PBXBuildFile section */
		BE4AD54A19E3A0AC007A3D4E /* cat.png in Resources */ = {isa = PBXBuildFile; fileRef = BE4AD54819E3A0AC007A3D4E /* cat.png */; };
		BE4AD54B19E3A0AC007A3D4E /* mouse.png in Resources */ = {isa = PBXBuildFile; fileRef = BE4AD54919E3A0AC007A3D4E /* mouse.png */; };
		BE4AD54D19E3AC8C007A3D4E /* vertex.png in Resources */ = {isa = PBXBuildFile; fileRef = BE4AD54C19E3AC8C007A3D4E /* vertex.png */; };
		BEA17E1D19E3EEEE0046692E /* VerticesConnectionView.swift in Sources */ = {isa = PBXBuildFile; fileRef = BEA17E1C19E3EEEE0046692E /* VerticesConnectionView.swift */; };
		BEB3E97119C187A600F04BBE /* AppDelegate.swift in Sources */ = {isa = PBXBuildFile; fileRef = BEB3E97019C187A600F04BBE /* AppDelegate.swift */; };
		BEB3E97619C187A600F04BBE /* ViewController.swift in Sources */ = {isa = PBXBuildFile; fileRef = BEB3E97519C187A600F04BBE /* ViewController.swift */; };
		BEB3E97919C187A600F04BBE /* Main.storyboard in Resources */ = {isa = PBXBuildFile; fileRef = BEB3E97719C187A600F04BBE /* Main.storyboard */; };
		BEB3E97B19C187A600F04BBE /* Images.xcassets in Resources */ = {isa = PBXBuildFile; fileRef = BEB3E97A19C187A600F04BBE /* Images.xcassets */; };
		BEB3E98719C187A600F04BBE /* TrapTheCatTests.swift in Sources */ = {isa = PBXBuildFile; fileRef = BEB3E98619C187A600F04BBE /* TrapTheCatTests.swift */; };
		BEB3E99119C192B300F04BBE /* Vertex.swift in Sources */ = {isa = PBXBuildFile; fileRef = BEB3E99019C192B300F04BBE /* Vertex.swift */; };
		BEB3E99319C19E1300F04BBE /* Cat.swift in Sources */ = {isa = PBXBuildFile; fileRef = BEB3E99219C19E1300F04BBE /* Cat.swift */; };
		BEB3E99519C19EF200F04BBE /* Mouse.swift in Sources */ = {isa = PBXBuildFile; fileRef = BEB3E99419C19EF200F04BBE /* Mouse.swift */; };
		BEBFE95919C1CC9700DCF303 /* TrapTheCat.xcdatamodeld in Sources */ = {isa = PBXBuildFile; fileRef = BEBFE95719C1CC9700DCF303 /* TrapTheCat.xcdatamodeld */; };
/* End PBXBuildFile section */

/* Begin PBXContainerItemProxy section */
		BEB3E98119C187A600F04BBE /* PBXContainerItemProxy */ = {
			isa = PBXContainerItemProxy;
			containerPortal = BEB3E96319C187A600F04BBE /* Project object */;
			proxyType = 1;
			remoteGlobalIDString = BEB3E96A19C187A600F04BBE;
			remoteInfo = TrapTheCat;
		};
/* End PBXContainerItemProxy section */

/* Begin PBXFileReference section */
		BE4AD54819E3A0AC007A3D4E /* cat.png */ = {isa = PBXFileReference; lastKnownFileType = image.png; path = cat.png; sourceTree = "<group>"; };
		BE4AD54919E3A0AC007A3D4E /* mouse.png */ = {isa = PBXFileReference; lastKnownFileType = image.png; path = mouse.png; sourceTree = "<group>"; };
		BE4AD54C19E3AC8C007A3D4E /* vertex.png */ = {isa = PBXFileReference; lastKnownFileType = image.png; path = vertex.png; sourceTree = "<group>"; };
		BEA17E1C19E3EEEE0046692E /* VerticesConnectionView.swift */ = {isa = PBXFileReference; fileEncoding = 4; lastKnownFileType = sourcecode.swift; path = VerticesConnectionView.swift; sourceTree = "<group>"; };
		BEB3E96B19C187A600F04BBE /* TrapTheCat.app */ = {isa = PBXFileReference; explicitFileType = wrapper.application; includeInIndex = 0; path = TrapTheCat.app; sourceTree = BUILT_PRODUCTS_DIR; };
		BEB3E96F19C187A600F04BBE /* Info.plist */ = {isa = PBXFileReference; lastKnownFileType = text.plist.xml; path = Info.plist; sourceTree = "<group>"; };
		BEB3E97019C187A600F04BBE /* AppDelegate.swift */ = {isa = PBXFileReference; lastKnownFileType = sourcecode.swift; path = AppDelegate.swift; sourceTree = "<group>"; };
		BEB3E97519C187A600F04BBE /* ViewController.swift */ = {isa = PBXFileReference; lastKnownFileType = sourcecode.swift; path = ViewController.swift; sourceTree = "<group>"; };
		BEB3E97819C187A600F04BBE /* Base */ = {isa = PBXFileReference; lastKnownFileType = file.storyboard; name = Base; path = Base.lproj/Main.storyboard; sourceTree = "<group>"; };
		BEB3E97A19C187A600F04BBE /* Images.xcassets */ = {isa = PBXFileReference; lastKnownFileType = folder.assetcatalog; path = Images.xcassets; sourceTree = "<group>"; };
		BEB3E98019C187A600F04BBE /* TrapTheCatTests.xctest */ = {isa = PBXFileReference; explicitFileType = wrapper.cfbundle; includeInIndex = 0; path = TrapTheCatTests.xctest; sourceTree = BUILT_PRODUCTS_DIR; };
		BEB3E98519C187A600F04BBE /* Info.plist */ = {isa = PBXFileReference; lastKnownFileType = text.plist.xml; path = Info.plist; sourceTree = "<group>"; };
		BEB3E98619C187A600F04BBE /* TrapTheCatTests.swift */ = {isa = PBXFileReference; lastKnownFileType = sourcecode.swift; path = TrapTheCatTests.swift; sourceTree = "<group>"; };
		BEB3E99019C192B300F04BBE /* Vertex.swift */ = {isa = PBXFileReference; fileEncoding = 4; lastKnownFileType = sourcecode.swift; path = Vertex.swift; sourceTree = "<group>"; };
		BEB3E99219C19E1300F04BBE /* Cat.swift */ = {isa = PBXFileReference; fileEncoding = 4; lastKnownFileType = sourcecode.swift; path = Cat.swift; sourceTree = "<group>"; };
		BEB3E99419C19EF200F04BBE /* Mouse.swift */ = {isa = PBXFileReference; fileEncoding = 4; lastKnownFileType = sourcecode.swift; path = Mouse.swift; sourceTree = "<group>"; };
		BEBFE95819C1CC9700DCF303 /* TrapTheCat.xcdatamodel */ = {isa = PBXFileReference; lastKnownFileType = wrapper.xcdatamodel; path = TrapTheCat.xcdatamodel; sourceTree = "<group>"; };
/* End PBXFileReference section */

/* Begin PBXFrameworksBuildPhase section */
		BEB3E96819C187A600F04BBE /* Frameworks */ = {
			isa = PBXFrameworksBuildPhase;
			buildActionMask = 2147483647;
			files = (
			);
			runOnlyForDeploymentPostprocessing = 0;
		};
		BEB3E97D19C187A600F04BBE /* Frameworks */ = {
			isa = PBXFrameworksBuildPhase;
			buildActionMask = 2147483647;
			files = (
			);
			runOnlyForDeploymentPostprocessing = 0;
		};
/* End PBXFrameworksBuildPhase section */

/* Begin PBXGroup section */
		BE4AD54719E3A091007A3D4E /* Resources */ = {
			isa = PBXGroup;
			children = (
				BE4AD54C19E3AC8C007A3D4E /* vertex.png */,
				BE4AD54819E3A0AC007A3D4E /* cat.png */,
				BE4AD54919E3A0AC007A3D4E /* mouse.png */,
			);
			name = Resources;
			sourceTree = "<group>";
		};
		BEB3E96219C187A600F04BBE = {
			isa = PBXGroup;
			children = (
				BEBFE95719C1CC9700DCF303 /* TrapTheCat.xcdatamodeld */,
				BEB3E96D19C187A600F04BBE /* TrapTheCat */,
				BEB3E98319C187A600F04BBE /* TrapTheCatTests */,
				BEB3E96C19C187A600F04BBE /* Products */,
			);
			sourceTree = "<group>";
		};
		BEB3E96C19C187A600F04BBE /* Products */ = {
			isa = PBXGroup;
			children = (
				BEB3E96B19C187A600F04BBE /* TrapTheCat.app */,
				BEB3E98019C187A600F04BBE /* TrapTheCatTests.xctest */,
			);
			name = Products;
			sourceTree = "<group>";
		};
		BEB3E96D19C187A600F04BBE /* TrapTheCat */ = {
			isa = PBXGroup;
			children = (
				BE4AD54719E3A091007A3D4E /* Resources */,
				BEB3E97019C187A600F04BBE /* AppDelegate.swift */,
				BEB3E97519C187A600F04BBE /* ViewController.swift */,
				BEB3E97719C187A600F04BBE /* Main.storyboard */,
				BEB3E97A19C187A600F04BBE /* Images.xcassets */,
				BEB3E96E19C187A600F04BBE /* Supporting Files */,
				BEB3E99019C192B300F04BBE /* Vertex.swift */,
				BEB3E99219C19E1300F04BBE /* Cat.swift */,
				BEB3E99419C19EF200F04BBE /* Mouse.swift */,
				BEA17E1C19E3EEEE0046692E /* VerticesConnectionView.swift */,
			);
			path = TrapTheCat;
			sourceTree = "<group>";
		};
		BEB3E96E19C187A600F04BBE /* Supporting Files */ = {
			isa = PBXGroup;
			children = (
				BEB3E96F19C187A600F04BBE /* Info.plist */,
			);
			name = "Supporting Files";
			sourceTree = "<group>";
		};
		BEB3E98319C187A600F04BBE /* TrapTheCatTests */ = {
			isa = PBXGroup;
			children = (
				BEB3E98619C187A600F04BBE /* TrapTheCatTests.swift */,
				BEB3E98419C187A600F04BBE /* Supporting Files */,
			);
			path = TrapTheCatTests;
			sourceTree = "<group>";
		};
		BEB3E98419C187A600F04BBE /* Supporting Files */ = {
			isa = PBXGroup;
			children = (
				BEB3E98519C187A600F04BBE /* Info.plist */,
			);
			name = "Supporting Files";
			sourceTree = "<group>";
		};
/* End PBXGroup section */

/* Begin PBXNativeTarget section */
		BEB3E96A19C187A600F04BBE /* TrapTheCat */ = {
			isa = PBXNativeTarget;
			buildConfigurationList = BEB3E98A19C187A600F04BBE /* Build configuration list for PBXNativeTarget "TrapTheCat" */;
			buildPhases = (
				BEB3E96719C187A600F04BBE /* Sources */,
				BEB3E96819C187A600F04BBE /* Frameworks */,
				BEB3E96919C187A600F04BBE /* Resources */,
			);
			buildRules = (
			);
			dependencies = (
			);
			name = TrapTheCat;
			productName = TrapTheCat;
			productReference = BEB3E96B19C187A600F04BBE /* TrapTheCat.app */;
			productType = "com.apple.product-type.application";
		};
		BEB3E97F19C187A600F04BBE /* TrapTheCatTests */ = {
			isa = PBXNativeTarget;
			buildConfigurationList = BEB3E98D19C187A600F04BBE /* Build configuration list for PBXNativeTarget "TrapTheCatTests" */;
			buildPhases = (
				BEB3E97C19C187A600F04BBE /* Sources */,
				BEB3E97D19C187A600F04BBE /* Frameworks */,
				BEB3E97E19C187A600F04BBE /* Resources */,
			);
			buildRules = (
			);
			dependencies = (
				BEB3E98219C187A600F04BBE /* PBXTargetDependency */,
			);
			name = TrapTheCatTests;
			productName = TrapTheCatTests;
			productReference = BEB3E98019C187A600F04BBE /* TrapTheCatTests.xctest */;
			productType = "com.apple.product-type.bundle.unit-test";
		};
/* End PBXNativeTarget section */

/* Begin PBXProject section */
		BEB3E96319C187A600F04BBE /* Project object */ = {
			isa = PBXProject;
			attributes = {
				LastUpgradeCheck = 0600;
				ORGANIZATIONNAME = NSRover;
				TargetAttributes = {
					BEB3E96A19C187A600F04BBE = {
						CreatedOnToolsVersion = 6.0;
					};
					BEB3E97F19C187A600F04BBE = {
						CreatedOnToolsVersion = 6.0;
						TestTargetID = BEB3E96A19C187A600F04BBE;
					};
				};
			};
			buildConfigurationList = BEB3E96619C187A600F04BBE /* Build configuration list for PBXProject "TrapTheCat" */;
			compatibilityVersion = "Xcode 3.2";
			developmentRegion = English;
			hasScannedForEncodings = 0;
			knownRegions = (
				en,
				Base,
			);
			mainGroup = BEB3E96219C187A600F04BBE;
			productRefGroup = BEB3E96C19C187A600F04BBE /* Products */;
			projectDirPath = "";
			projectRoot = "";
			targets = (
				BEB3E96A19C187A600F04BBE /* TrapTheCat */,
				BEB3E97F19C187A600F04BBE /* TrapTheCatTests */,
			);
		};
/* End PBXProject section */

/* Begin PBXResourcesBuildPhase section */
		BEB3E96919C187A600F04BBE /* Resources */ = {
			isa = PBXResourcesBuildPhase;
			buildActionMask = 2147483647;
			files = (
				BE4AD54A19E3A0AC007A3D4E /* cat.png in Resources */,
				BE4AD54D19E3AC8C007A3D4E /* vertex.png in Resources */,
				BE4AD54B19E3A0AC007A3D4E /* mouse.png in Resources */,
				BEB3E97919C187A600F04BBE /* Main.storyboard in Resources */,
				BEB3E97B19C187A600F04BBE /* Images.xcassets in Resources */,
			);
			runOnlyForDeploymentPostprocessing = 0;
		};
		BEB3E97E19C187A600F04BBE /* Resources */ = {
			isa = PBXResourcesBuildPhase;
			buildActionMask = 2147483647;
			files = (
			);
			runOnlyForDeploymentPostprocessing = 0;
		};
/* End PBXResourcesBuildPhase section */

/* Begin PBXSourcesBuildPhase section */
		BEB3E96719C187A600F04BBE /* Sources */ = {
			isa = PBXSourcesBuildPhase;
			buildActionMask = 2147483647;
			files = (
				BEB3E97619C187A600F04BBE /* ViewController.swift in Sources */,
				BEB3E99519C19EF200F04BBE /* Mouse.swift in Sources */,
				BEB3E99119C192B300F04BBE /* Vertex.swift in Sources */,
				BEBFE95919C1CC9700DCF303 /* TrapTheCat.xcdatamodeld in Sources */,
				BEA17E1D19E3EEEE0046692E /* VerticesConnectionView.swift in Sources */,
				BEB3E99319C19E1300F04BBE /* Cat.swift in Sources */,
				BEB3E97119C187A600F04BBE /* AppDelegate.swift in Sources */,
			);
			runOnlyForDeploymentPostprocessing = 0;
		};
		BEB3E97C19C187A600F04BBE /* Sources */ = {
			isa = PBXSourcesBuildPhase;
			buildActionMask = 2147483647;
			files = (
				BEB3E98719C187A600F04BBE /* TrapTheCatTests.swift in Sources */,
			);
			runOnlyForDeploymentPostprocessing = 0;
		};
/* End PBXSourcesBuildPhase section */

/* Begin PBXTargetDependency section */
		BEB3E98219C187A600F04BBE /* PBXTargetDependency */ = {
			isa = PBXTargetDependency;
			target = BEB3E96A19C187A600F04BBE /* TrapTheCat */;
			targetProxy = BEB3E98119C187A600F04BBE /* PBXContainerItemProxy */;
		};
/* End PBXTargetDependency section */

/* Begin PBXVariantGroup section */
		BEB3E97719C187A600F04BBE /* Main.storyboard */ = {
			isa = PBXVariantGroup;
			children = (
				BEB3E97819C187A600F04BBE /* Base */,
			);
			name = Main.storyboard;
			sourceTree = "<group>";
		};
/* End PBXVariantGroup section */

/* Begin XCBuildConfiguration section */
		BEB3E98819C187A600F04BBE /* Debug */ = {
			isa = XCBuildConfiguration;
			buildSettings = {
				ALWAYS_SEARCH_USER_PATHS = NO;
				CLANG_CXX_LANGUAGE_STANDARD = "gnu++0x";
				CLANG_CXX_LIBRARY = "libc++";
				CLANG_ENABLE_MODULES = YES;
				CLANG_ENABLE_OBJC_ARC = YES;
				CLANG_WARN_BOOL_CONVERSION = YES;
				CLANG_WARN_CONSTANT_CONVERSION = YES;
				CLANG_WARN_DIRECT_OBJC_ISA_USAGE = YES_ERROR;
				CLANG_WARN_EMPTY_BODY = YES;
				CLANG_WARN_ENUM_CONVERSION = YES;
				CLANG_WARN_INT_CONVERSION = YES;
				CLANG_WARN_OBJC_ROOT_CLASS = YES_ERROR;
				CLANG_WARN_UNREACHABLE_CODE = YES;
				CLANG_WARN__DUPLICATE_METHOD_MATCH = YES;
				"CODE_SIGN_IDENTITY[sdk=iphoneos*]" = "iPhone Developer";
				COPY_PHASE_STRIP = NO;
				ENABLE_STRICT_OBJC_MSGSEND = YES;
				GCC_C_LANGUAGE_STANDARD = gnu99;
				GCC_DYNAMIC_NO_PIC = NO;
				GCC_OPTIMIZATION_LEVEL = 0;
				GCC_PREPROCESSOR_DEFINITIONS = (
					"DEBUG=1",
					"$(inherited)",
				);
				GCC_SYMBOLS_PRIVATE_EXTERN = NO;
				GCC_WARN_64_TO_32_BIT_CONVERSION = YES;
				GCC_WARN_ABOUT_RETURN_TYPE = YES_ERROR;
				GCC_WARN_UNDECLARED_SELECTOR = YES;
				GCC_WARN_UNINITIALIZED_AUTOS = YES_AGGRESSIVE;
				GCC_WARN_UNUSED_FUNCTION = YES;
				GCC_WARN_UNUSED_VARIABLE = YES;
				IPHONEOS_DEPLOYMENT_TARGET = 8.0;
				MTL_ENABLE_DEBUG_INFO = YES;
				ONLY_ACTIVE_ARCH = YES;
				SDKROOT = iphoneos;
				SWIFT_OPTIMIZATION_LEVEL = "-Onone";
				TARGETED_DEVICE_FAMILY = "1,2";
			};
			name = Debug;
		};
		BEB3E98919C187A600F04BBE /* Release */ = {
			isa = XCBuildConfiguration;
			buildSettings = {
				ALWAYS_SEARCH_USER_PATHS = NO;
				CLANG_CXX_LANGUAGE_STANDARD = "gnu++0x";
				CLANG_CXX_LIBRARY = "libc++";
				CLANG_ENABLE_MODULES = YES;
				CLANG_ENABLE_OBJC_ARC = YES;
				CLANG_WARN_BOOL_CONVERSION = YES;
				CLANG_WARN_CONSTANT_CONVERSION = YES;
				CLANG_WARN_DIRECT_OBJC_ISA_USAGE = YES_ERROR;
				CLANG_WARN_EMPTY_BODY = YES;
				CLANG_WARN_ENUM_CONVERSION = YES;
				CLANG_WARN_INT_CONVERSION = YES;
				CLANG_WARN_OBJC_ROOT_CLASS = YES_ERROR;
				CLANG_WARN_UNREACHABLE_CODE = YES;
				CLANG_WARN__DUPLICATE_METHOD_MATCH = YES;
				"CODE_SIGN_IDENTITY[sdk=iphoneos*]" = "iPhone Developer";
				COPY_PHASE_STRIP = YES;
				ENABLE_NS_ASSERTIONS = NO;
				ENABLE_STRICT_OBJC_MSGSEND = YES;
				GCC_C_LANGUAGE_STANDARD = gnu99;
				GCC_WARN_64_TO_32_BIT_CONVERSION = YES;
				GCC_WARN_ABOUT_RETURN_TYPE = YES_ERROR;
				GCC_WARN_UNDECLARED_SELECTOR = YES;
				GCC_WARN_UNINITIALIZED_AUTOS = YES_AGGRESSIVE;
				GCC_WARN_UNUSED_FUNCTION = YES;
				GCC_WARN_UNUSED_VARIABLE = YES;
				IPHONEOS_DEPLOYMENT_TARGET = 8.0;
				MTL_ENABLE_DEBUG_INFO = NO;
				SDKROOT = iphoneos;
				TARGETED_DEVICE_FAMILY = "1,2";
				VALIDATE_PRODUCT = YES;
			};
			name = Release;
		};
		BEB3E98B19C187A600F04BBE /* Debug */ = {
			isa = XCBuildConfiguration;
			buildSettings = {
				ASSETCATALOG_COMPILER_APPICON_NAME = AppIcon;
				ASSETCATALOG_COMPILER_LAUNCHIMAGE_NAME = LaunchImage;
				CLANG_ENABLE_MODULES = YES;
				INFOPLIST_FILE = TrapTheCat/Info.plist;
				IPHONEOS_DEPLOYMENT_TARGET = 7.1;
				LD_RUNPATH_SEARCH_PATHS = "$(inherited) @executable_path/Frameworks";
				PRODUCT_NAME = "$(TARGET_NAME)";
				SWIFT_OPTIMIZATION_LEVEL = "-Onone";
			};
			name = Debug;
		};
		BEB3E98C19C187A600F04BBE /* Release */ = {
			isa = XCBuildConfiguration;
			buildSettings = {
				ASSETCATALOG_COMPILER_APPICON_NAME = AppIcon;
				ASSETCATALOG_COMPILER_LAUNCHIMAGE_NAME = LaunchImage;
				CLANG_ENABLE_MODULES = YES;
				INFOPLIST_FILE = TrapTheCat/Info.plist;
				IPHONEOS_DEPLOYMENT_TARGET = 7.1;
				LD_RUNPATH_SEARCH_PATHS = "$(inherited) @executable_path/Frameworks";
				PRODUCT_NAME = "$(TARGET_NAME)";
			};
			name = Release;
		};
		BEB3E98E19C187A600F04BBE /* Debug */ = {
			isa = XCBuildConfiguration;
			buildSettings = {
				BUNDLE_LOADER = "$(TEST_HOST)";
				FRAMEWORK_SEARCH_PATHS = (
					"$(SDKROOT)/Developer/Library/Frameworks",
					"$(inherited)",
				);
				GCC_PREPROCESSOR_DEFINITIONS = (
					"DEBUG=1",
					"$(inherited)",
				);
				INFOPLIST_FILE = TrapTheCatTests/Info.plist;
				LD_RUNPATH_SEARCH_PATHS = "$(inherited) @executable_path/Frameworks @loader_path/Frameworks";
				PRODUCT_NAME = "$(TARGET_NAME)";
				TEST_HOST = "$(BUILT_PRODUCTS_DIR)/TrapTheCat.app/TrapTheCat";
			};
			name = Debug;
		};
		BEB3E98F19C187A600F04BBE /* Release */ = {
			isa = XCBuildConfiguration;
			buildSettings = {
				BUNDLE_LOADER = "$(TEST_HOST)";
				FRAMEWORK_SEARCH_PATHS = (
					"$(SDKROOT)/Developer/Library/Frameworks",
					"$(inherited)",
				);
				INFOPLIST_FILE = TrapTheCatTests/Info.plist;
				LD_RUNPATH_SEARCH_PATHS = "$(inherited) @executable_path/Frameworks @loader_path/Frameworks";
				PRODUCT_NAME = "$(TARGET_NAME)";
				TEST_HOST = "$(BUILT_PRODUCTS_DIR)/TrapTheCat.app/TrapTheCat";
			};
			name = Release;
		};
/* End XCBuildConfiguration section */

/* Begin XCConfigurationList section */
		BEB3E96619C187A600F04BBE /* Build configuration list for PBXProject "TrapTheCat" */ = {
			isa = XCConfigurationList;
			buildConfigurations = (
				BEB3E98819C187A600F04BBE /* Debug */,
				BEB3E98919C187A600F04BBE /* Release */,
			);
			defaultConfigurationIsVisible = 0;
			defaultConfigurationName = Release;
		};
		BEB3E98A19C187A600F04BBE /* Build configuration list for PBXNativeTarget "TrapTheCat" */ = {
			isa = XCConfigurationList;
			buildConfigurations = (
				BEB3E98B19C187A600F04BBE /* Debug */,
				BEB3E98C19C187A600F04BBE /* Release */,
			);
			defaultConfigurationIsVisible = 0;
			defaultConfigurationName = Release;
		};
		BEB3E98D19C187A600F04BBE /* Build configuration list for PBXNativeTarget "TrapTheCatTests" */ = {
			isa = XCConfigurationList;
			buildConfigurations = (
				BEB3E98E19C187A600F04BBE /* Debug */,
				BEB3E98F19C187A600F04BBE /* Release */,
			);
			defaultConfigurationIsVisible = 0;
			defaultConfigurationName = Release;
		};
/* End XCConfigurationList section */

/* Begin XCVersionGroup section */
		BEBFE95719C1CC9700DCF303 /* TrapTheCat.xcdatamodeld */ = {
			isa = XCVersionGroup;
			children = (
				BEBFE95819C1CC9700DCF303 /* TrapTheCat.xcdatamodel */,
			);
			currentVersion = BEBFE95819C1CC9700DCF303 /* TrapTheCat.xcdatamodel */;
			name = TrapTheCat.xcdatamodeld;
			path = TrapTheCat/TrapTheCat.xcdatamodeld;
			sourceTree = "<group>";
			versionGroupType = wrapper.xcdatamodel;
		};
/* End XCVersionGroup section */
	};
	rootObject = BEB3E96319C187A600F04BBE /* Project object */;
}
